// !$*UTF8*$!
{
	archiveVersion = 1;
	classes = {
	};
	objectVersion = 46;
	objects = {

/* Begin PBXBuildFile section */
		82063BAD1698CC1800C09A40 /* MKAnnotationView+WebCache.m in Sources */ = {isa = PBXBuildFile; fileRef = 82063B9A1698CC1800C09A40 /* MKAnnotationView+WebCache.m */; };
		82063BAE1698CC1800C09A40 /* SDImageCache.m in Sources */ = {isa = PBXBuildFile; fileRef = 82063B9C1698CC1800C09A40 /* SDImageCache.m */; };
		82063BAF1698CC1800C09A40 /* SDWebImageDecoder.m in Sources */ = {isa = PBXBuildFile; fileRef = 82063BA01698CC1800C09A40 /* SDWebImageDecoder.m */; };
		82063BB01698CC1800C09A40 /* SDWebImageDownloader.m in Sources */ = {isa = PBXBuildFile; fileRef = 82063BA21698CC1800C09A40 /* SDWebImageDownloader.m */; };
		82063BB11698CC1800C09A40 /* SDWebImageManager.m in Sources */ = {isa = PBXBuildFile; fileRef = 82063BA51698CC1800C09A40 /* SDWebImageManager.m */; };
		82063BB21698CC1800C09A40 /* SDWebImagePrefetcher.m in Sources */ = {isa = PBXBuildFile; fileRef = 82063BA81698CC1800C09A40 /* SDWebImagePrefetcher.m */; };
		82063BB31698CC1800C09A40 /* UIButton+WebCache.m in Sources */ = {isa = PBXBuildFile; fileRef = 82063BAA1698CC1800C09A40 /* UIButton+WebCache.m */; };
		82063BB41698CC1800C09A40 /* UIImageView+WebCache.m in Sources */ = {isa = PBXBuildFile; fileRef = 82063BAC1698CC1800C09A40 /* UIImageView+WebCache.m */; };
		822FC9E51690D918007FE93C /* SampleLoad.json in Resources */ = {isa = PBXBuildFile; fileRef = 822FC9E41690D918007FE93C /* SampleLoad.json */; };
		829417BC1691D2C3002F326D /* DetailWineViewController.m in Sources */ = {isa = PBXBuildFile; fileRef = 829417BA1691D2C3002F326D /* DetailWineViewController.m */; };
		829417BD1691D2C3002F326D /* DetailWineViewController.xib in Resources */ = {isa = PBXBuildFile; fileRef = 829417BB1691D2C3002F326D /* DetailWineViewController.xib */; };
		82CDF14B16934EA500EA87AB /* vin.json in Resources */ = {isa = PBXBuildFile; fileRef = 82CDF14A16934EA500EA87AB /* vin.json */; };
		82CDF14C1693502100EA87AB /* Wine.m in Sources */ = {isa = PBXBuildFile; fileRef = 82CDF14816934E8500EA87AB /* Wine.m */; };
		82E075581698D0C7006B0523 /* MapKit.framework in Frameworks */ = {isa = PBXBuildFile; fileRef = 82E075571698D0C7006B0523 /* MapKit.framework */; };
		82E112EA1690CC1200E7AD69 /* DownloadManager.m in Sources */ = {isa = PBXBuildFile; fileRef = 9BFC82DA16392FC7000C1600 /* DownloadManager.m */; };
		82E112EC1690CC4C00E7AD69 /* DownloadOperation.m in Sources */ = {isa = PBXBuildFile; fileRef = 9BFC82DC16392FC7000C1600 /* DownloadOperation.m */; };
		82E112F61690CDA900E7AD69 /* Contact.m in Sources */ = {isa = PBXBuildFile; fileRef = 82E112F51690CDA900E7AD69 /* Contact.m */; };
		82E3D7E01698B5D8005B6FA1 /* ImageIO.framework in Frameworks */ = {isa = PBXBuildFile; fileRef = 82E3D7DF1698B5D8005B6FA1 /* ImageIO.framework */; };
		82EF10C3169359B100E913B8 /* julienas-2011-remi-paola-benon.jpg in Resources */ = {isa = PBXBuildFile; fileRef = 82EF10C1169359B100E913B8 /* julienas-2011-remi-paola-benon.jpg */; };
		82EF10C816935C1100E913B8 /* carignanissime-de-centeilles-2009.jpg in Resources */ = {isa = PBXBuildFile; fileRef = 82EF10C716935C1100E913B8 /* carignanissime-de-centeilles-2009.jpg */; };
		9B04F52A1624659500B0EA4D /* ProfileViewController.m in Sources */ = {isa = PBXBuildFile; fileRef = 9B04F5281624659500B0EA4D /* ProfileViewController.m */; };
		9B04F52B1624659500B0EA4D /* ProfileViewController.xib in Resources */ = {isa = PBXBuildFile; fileRef = 9B04F5291624659500B0EA4D /* ProfileViewController.xib */; };
		9B2D6BA316244E250038A459 /* DetailListViewController.xib in Resources */ = {isa = PBXBuildFile; fileRef = 9B2D6BA216244E250038A459 /* DetailListViewController.xib */; };
		9B2D6BA616244E730038A459 /* DetailListViewController.m in Sources */ = {isa = PBXBuildFile; fileRef = 9B2D6BA516244E730038A459 /* DetailListViewController.m */; };
		9B2D6BA716244FA00038A459 /* DataListViewController.m in Sources */ = {isa = PBXBuildFile; fileRef = 9B2D6B9916244AF20038A459 /* DataListViewController.m */; };
		9B2D6BA816244FAD0038A459 /* CustomCell.m in Sources */ = {isa = PBXBuildFile; fileRef = 9B2D6B9716244AF20038A459 /* CustomCell.m */; };
		9B499916163936B7000A24DA /* WineViewController.m in Sources */ = {isa = PBXBuildFile; fileRef = 9B499915163936B7000A24DA /* WineViewController.m */; };
		9B49991C163936EF000A24DA /* bouteille@2x.png in Resources */ = {isa = PBXBuildFile; fileRef = 9B49991B163936EF000A24DA /* bouteille@2x.png */; };
		9B49991E16393726000A24DA /* mabout.png in Resources */ = {isa = PBXBuildFile; fileRef = 9B49991D16393726000A24DA /* mabout.png */; };
		9BFC82CF16392F70000C1600 /* iCarousel.m in Sources */ = {isa = PBXBuildFile; fileRef = 9BFC82CE16392F70000C1600 /* iCarousel.m */; };
		9BFC82D516392F7D000C1600 /* LBYouTubePlayerController.m in Sources */ = {isa = PBXBuildFile; fileRef = 9BFC82D216392F7D000C1600 /* LBYouTubePlayerController.m */; };
		9BFC82D616392F7D000C1600 /* LBYouTubePlayerViewController.m in Sources */ = {isa = PBXBuildFile; fileRef = 9BFC82D416392F7D000C1600 /* LBYouTubePlayerViewController.m */; };
		9BFC82E316393058000C1600 /* CHANGELOG.md in Resources */ = {isa = PBXBuildFile; fileRef = 9BFC82DF16393058000C1600 /* CHANGELOG.md */; };
		9BFC82E416393058000C1600 /* JSONKit.m in Sources */ = {isa = PBXBuildFile; fileRef = 9BFC82E116393058000C1600 /* JSONKit.m */; settings = {COMPILER_FLAGS = "-fno-objc-arc"; }; };
		9BFC82E516393058000C1600 /* README.md in Resources */ = {isa = PBXBuildFile; fileRef = 9BFC82E216393058000C1600 /* README.md */; };
		9BFC82EC163930CF000C1600 /* Default-568h@2x.png in Resources */ = {isa = PBXBuildFile; fileRef = 9BFC82EB163930CF000C1600 /* Default-568h@2x.png */; };
		9BFC82EE163930F2000C1600 /* QuartzCore.framework in Frameworks */ = {isa = PBXBuildFile; fileRef = 9BFC82ED163930F2000C1600 /* QuartzCore.framework */; };
		9BFC82F016393108000C1600 /* MediaPlayer.framework in Frameworks */ = {isa = PBXBuildFile; fileRef = 9BFC82EF16393108000C1600 /* MediaPlayer.framework */; };
		9BFC82FA163933F4000C1600 /* bouteille.png in Resources */ = {isa = PBXBuildFile; fileRef = 9BFC82F9163933F4000C1600 /* bouteille.png */; };
		E03C9810151A86590004D2FD /* UIKit.framework in Frameworks */ = {isa = PBXBuildFile; fileRef = E03C980F151A86590004D2FD /* UIKit.framework */; };
		E03C9812151A86590004D2FD /* Foundation.framework in Frameworks */ = {isa = PBXBuildFile; fileRef = E03C9811151A86590004D2FD /* Foundation.framework */; };
		E03C9814151A86590004D2FD /* CoreGraphics.framework in Frameworks */ = {isa = PBXBuildFile; fileRef = E03C9813151A86590004D2FD /* CoreGraphics.framework */; };
		E03C981A151A86590004D2FD /* InfoPlist.strings in Resources */ = {isa = PBXBuildFile; fileRef = E03C9818151A86590004D2FD /* InfoPlist.strings */; };
		E03C981C151A86590004D2FD /* main.m in Sources */ = {isa = PBXBuildFile; fileRef = E03C981B151A86590004D2FD /* main.m */; };
		E03C9820151A86590004D2FD /* AppDelegate.m in Sources */ = {isa = PBXBuildFile; fileRef = E03C981F151A86590004D2FD /* AppDelegate.m */; };
		E03C9829151A866F0004D2FD /* FirstViewController.m in Sources */ = {isa = PBXBuildFile; fileRef = E03C9827151A866F0004D2FD /* FirstViewController.m */; };
		E03C982A151A866F0004D2FD /* FirstViewController.xib in Resources */ = {isa = PBXBuildFile; fileRef = E03C9828151A866F0004D2FD /* FirstViewController.xib */; };
		E03C982E151A867A0004D2FD /* SecondViewController.m in Sources */ = {isa = PBXBuildFile; fileRef = E03C982C151A867A0004D2FD /* SecondViewController.m */; };
		E03C982F151A867A0004D2FD /* SecondViewController.xib in Resources */ = {isa = PBXBuildFile; fileRef = E03C982D151A867A0004D2FD /* SecondViewController.xib */; };
		E03C9833151A86830004D2FD /* ThirdViewController.m in Sources */ = {isa = PBXBuildFile; fileRef = E03C9831151A86830004D2FD /* ThirdViewController.m */; };
		E03C9834151A86830004D2FD /* ThirdViewController.xib in Resources */ = {isa = PBXBuildFile; fileRef = E03C9832151A86830004D2FD /* ThirdViewController.xib */; };
		E03C9838151A89C90004D2FD /* FourthViewController.m in Sources */ = {isa = PBXBuildFile; fileRef = E03C9836151A89C90004D2FD /* FourthViewController.m */; };
		E03C9839151A89C90004D2FD /* FourthViewController.xib in Resources */ = {isa = PBXBuildFile; fileRef = E03C9837151A89C90004D2FD /* FourthViewController.xib */; };
		E03C983D151A89D40004D2FD /* FifthViewController.m in Sources */ = {isa = PBXBuildFile; fileRef = E03C983B151A89D40004D2FD /* FifthViewController.m */; };
		E03C983E151A89D40004D2FD /* FifthViewController.xib in Resources */ = {isa = PBXBuildFile; fileRef = E03C983C151A89D40004D2FD /* FifthViewController.xib */; };
		E03C9842151A89E50004D2FD /* SixthViewController.m in Sources */ = {isa = PBXBuildFile; fileRef = E03C9840151A89E50004D2FD /* SixthViewController.m */; };
		E03C9843151A89E50004D2FD /* SixthViewController.xib in Resources */ = {isa = PBXBuildFile; fileRef = E03C9841151A89E50004D2FD /* SixthViewController.xib */; };
		E03C9846151A8AED0004D2FD /* 17-bar-chart.png in Resources */ = {isa = PBXBuildFile; fileRef = E03C9844151A8AED0004D2FD /* 17-bar-chart.png */; };
		E03C9847151A8AED0004D2FD /* 17-bar-chart@2x.png in Resources */ = {isa = PBXBuildFile; fileRef = E03C9845151A8AED0004D2FD /* 17-bar-chart@2x.png */; };
/* End PBXBuildFile section */

/* Begin PBXFileReference section */
		82063B991698CC1800C09A40 /* MKAnnotationView+WebCache.h */ = {isa = PBXFileReference; fileEncoding = 4; lastKnownFileType = sourcecode.c.h; path = "MKAnnotationView+WebCache.h"; sourceTree = "<group>"; };
		82063B9A1698CC1800C09A40 /* MKAnnotationView+WebCache.m */ = {isa = PBXFileReference; fileEncoding = 4; lastKnownFileType = sourcecode.c.objc; path = "MKAnnotationView+WebCache.m"; sourceTree = "<group>"; };
		82063B9B1698CC1800C09A40 /* SDImageCache.h */ = {isa = PBXFileReference; fileEncoding = 4; lastKnownFileType = sourcecode.c.h; path = SDImageCache.h; sourceTree = "<group>"; };
		82063B9C1698CC1800C09A40 /* SDImageCache.m */ = {isa = PBXFileReference; fileEncoding = 4; lastKnownFileType = sourcecode.c.objc; path = SDImageCache.m; sourceTree = "<group>"; };
		82063B9D1698CC1800C09A40 /* SDImageCacheDelegate.h */ = {isa = PBXFileReference; fileEncoding = 4; lastKnownFileType = sourcecode.c.h; path = SDImageCacheDelegate.h; sourceTree = "<group>"; };
		82063B9E1698CC1800C09A40 /* SDWebImageCompat.h */ = {isa = PBXFileReference; fileEncoding = 4; lastKnownFileType = sourcecode.c.h; path = SDWebImageCompat.h; sourceTree = "<group>"; };
		82063B9F1698CC1800C09A40 /* SDWebImageDecoder.h */ = {isa = PBXFileReference; fileEncoding = 4; lastKnownFileType = sourcecode.c.h; path = SDWebImageDecoder.h; sourceTree = "<group>"; };
		82063BA01698CC1800C09A40 /* SDWebImageDecoder.m */ = {isa = PBXFileReference; fileEncoding = 4; lastKnownFileType = sourcecode.c.objc; path = SDWebImageDecoder.m; sourceTree = "<group>"; };
		82063BA11698CC1800C09A40 /* SDWebImageDownloader.h */ = {isa = PBXFileReference; fileEncoding = 4; lastKnownFileType = sourcecode.c.h; path = SDWebImageDownloader.h; sourceTree = "<group>"; };
		82063BA21698CC1800C09A40 /* SDWebImageDownloader.m */ = {isa = PBXFileReference; fileEncoding = 4; lastKnownFileType = sourcecode.c.objc; path = SDWebImageDownloader.m; sourceTree = "<group>"; };
		82063BA31698CC1800C09A40 /* SDWebImageDownloaderDelegate.h */ = {isa = PBXFileReference; fileEncoding = 4; lastKnownFileType = sourcecode.c.h; path = SDWebImageDownloaderDelegate.h; sourceTree = "<group>"; };
		82063BA41698CC1800C09A40 /* SDWebImageManager.h */ = {isa = PBXFileReference; fileEncoding = 4; lastKnownFileType = sourcecode.c.h; path = SDWebImageManager.h; sourceTree = "<group>"; };
		82063BA51698CC1800C09A40 /* SDWebImageManager.m */ = {isa = PBXFileReference; fileEncoding = 4; lastKnownFileType = sourcecode.c.objc; path = SDWebImageManager.m; sourceTree = "<group>"; };
		82063BA61698CC1800C09A40 /* SDWebImageManagerDelegate.h */ = {isa = PBXFileReference; fileEncoding = 4; lastKnownFileType = sourcecode.c.h; path = SDWebImageManagerDelegate.h; sourceTree = "<group>"; };
		82063BA71698CC1800C09A40 /* SDWebImagePrefetcher.h */ = {isa = PBXFileReference; fileEncoding = 4; lastKnownFileType = sourcecode.c.h; path = SDWebImagePrefetcher.h; sourceTree = "<group>"; };
		82063BA81698CC1800C09A40 /* SDWebImagePrefetcher.m */ = {isa = PBXFileReference; fileEncoding = 4; lastKnownFileType = sourcecode.c.objc; path = SDWebImagePrefetcher.m; sourceTree = "<group>"; };
		82063BA91698CC1800C09A40 /* UIButton+WebCache.h */ = {isa = PBXFileReference; fileEncoding = 4; lastKnownFileType = sourcecode.c.h; path = "UIButton+WebCache.h"; sourceTree = "<group>"; };
		82063BAA1698CC1800C09A40 /* UIButton+WebCache.m */ = {isa = PBXFileReference; fileEncoding = 4; lastKnownFileType = sourcecode.c.objc; path = "UIButton+WebCache.m"; sourceTree = "<group>"; };
		82063BAB1698CC1800C09A40 /* UIImageView+WebCache.h */ = {isa = PBXFileReference; fileEncoding = 4; lastKnownFileType = sourcecode.c.h; path = "UIImageView+WebCache.h"; sourceTree = "<group>"; };
		82063BAC1698CC1800C09A40 /* UIImageView+WebCache.m */ = {isa = PBXFileReference; fileEncoding = 4; lastKnownFileType = sourcecode.c.objc; path = "UIImageView+WebCache.m"; sourceTree = "<group>"; };
		822FC9E41690D918007FE93C /* SampleLoad.json */ = {isa = PBXFileReference; fileEncoding = 4; lastKnownFileType = text.json; name = SampleLoad.json; path = MSToolTips/MSToolTips/SampleLoad.json; sourceTree = "<group>"; };
		829417B91691D2C3002F326D /* DetailWineViewController.h */ = {isa = PBXFileReference; fileEncoding = 4; lastKnownFileType = sourcecode.c.h; path = DetailWineViewController.h; sourceTree = "<group>"; };
		829417BA1691D2C3002F326D /* DetailWineViewController.m */ = {isa = PBXFileReference; fileEncoding = 4; lastKnownFileType = sourcecode.c.objc; path = DetailWineViewController.m; sourceTree = "<group>"; };
		829417BB1691D2C3002F326D /* DetailWineViewController.xib */ = {isa = PBXFileReference; fileEncoding = 4; lastKnownFileType = file.xib; path = DetailWineViewController.xib; sourceTree = "<group>"; };
		82CDF14716934E8500EA87AB /* Wine.h */ = {isa = PBXFileReference; lastKnownFileType = sourcecode.c.h; path = Wine.h; sourceTree = "<group>"; };
		82CDF14816934E8500EA87AB /* Wine.m */ = {isa = PBXFileReference; lastKnownFileType = sourcecode.c.objc; path = Wine.m; sourceTree = "<group>"; };
		82CDF14A16934EA500EA87AB /* vin.json */ = {isa = PBXFileReference; fileEncoding = 4; lastKnownFileType = text.json; path = vin.json; sourceTree = "<group>"; };
		82E075571698D0C7006B0523 /* MapKit.framework */ = {isa = PBXFileReference; lastKnownFileType = wrapper.framework; name = MapKit.framework; path = System/Library/Frameworks/MapKit.framework; sourceTree = SDKROOT; };
		82E112E01690C47100E7AD69 /* Contact.h */ = {isa = PBXFileReference; lastKnownFileType = sourcecode.c.h; name = Contact.h; path = MSToolTips/MSToolTips/Contact.h; sourceTree = "<group>"; };
		82E112F51690CDA900E7AD69 /* Contact.m */ = {isa = PBXFileReference; fileEncoding = 4; lastKnownFileType = sourcecode.c.objc; name = Contact.m; path = MSToolTips/MSToolTips/Contact.m; sourceTree = "<group>"; };
		82E3D7DF1698B5D8005B6FA1 /* ImageIO.framework */ = {isa = PBXFileReference; lastKnownFileType = wrapper.framework; name = ImageIO.framework; path = System/Library/Frameworks/ImageIO.framework; sourceTree = SDKROOT; };
		82EF10C1169359B100E913B8 /* julienas-2011-remi-paola-benon.jpg */ = {isa = PBXFileReference; lastKnownFileType = image.jpeg; path = "julienas-2011-remi-paola-benon.jpg"; sourceTree = "<group>"; };
		82EF10C716935C1100E913B8 /* carignanissime-de-centeilles-2009.jpg */ = {isa = PBXFileReference; lastKnownFileType = image.jpeg; path = "carignanissime-de-centeilles-2009.jpg"; sourceTree = "<group>"; };
		9B04F5271624659500B0EA4D /* ProfileViewController.h */ = {isa = PBXFileReference; fileEncoding = 4; lastKnownFileType = sourcecode.c.h; path = ProfileViewController.h; sourceTree = "<group>"; };
		9B04F5281624659500B0EA4D /* ProfileViewController.m */ = {isa = PBXFileReference; fileEncoding = 4; lastKnownFileType = sourcecode.c.objc; path = ProfileViewController.m; sourceTree = "<group>"; };
		9B04F5291624659500B0EA4D /* ProfileViewController.xib */ = {isa = PBXFileReference; fileEncoding = 4; lastKnownFileType = file.xib; path = ProfileViewController.xib; sourceTree = "<group>"; };
		9B2D6B9616244AF20038A459 /* CustomCell.h */ = {isa = PBXFileReference; lastKnownFileType = sourcecode.c.h; path = CustomCell.h; sourceTree = "<group>"; };
		9B2D6B9716244AF20038A459 /* CustomCell.m */ = {isa = PBXFileReference; lastKnownFileType = sourcecode.c.objc; path = CustomCell.m; sourceTree = "<group>"; };
		9B2D6B9816244AF20038A459 /* DataListViewController.h */ = {isa = PBXFileReference; lastKnownFileType = sourcecode.c.h; path = DataListViewController.h; sourceTree = "<group>"; };
		9B2D6B9916244AF20038A459 /* DataListViewController.m */ = {isa = PBXFileReference; lastKnownFileType = sourcecode.c.objc; path = DataListViewController.m; sourceTree = "<group>"; };
		9B2D6BA216244E250038A459 /* DetailListViewController.xib */ = {isa = PBXFileReference; fileEncoding = 4; lastKnownFileType = file.xib; path = DetailListViewController.xib; sourceTree = "<group>"; };
		9B2D6BA416244E4D0038A459 /* DetailListViewController.h */ = {isa = PBXFileReference; lastKnownFileType = sourcecode.c.h; path = DetailListViewController.h; sourceTree = "<group>"; };
		9B2D6BA516244E730038A459 /* DetailListViewController.m */ = {isa = PBXFileReference; fileEncoding = 4; lastKnownFileType = sourcecode.c.objc; path = DetailListViewController.m; sourceTree = "<group>"; };
		9B4999141639369F000A24DA /* WineViewController.h */ = {isa = PBXFileReference; lastKnownFileType = sourcecode.c.h; path = WineViewController.h; sourceTree = "<group>"; };
		9B499915163936B7000A24DA /* WineViewController.m */ = {isa = PBXFileReference; fileEncoding = 4; lastKnownFileType = sourcecode.c.objc; path = WineViewController.m; sourceTree = "<group>"; };
		9B49991B163936EF000A24DA /* bouteille@2x.png */ = {isa = PBXFileReference; lastKnownFileType = image.png; path = "bouteille@2x.png"; sourceTree = "<group>"; };
		9B49991D16393726000A24DA /* mabout.png */ = {isa = PBXFileReference; lastKnownFileType = image.png; path = mabout.png; sourceTree = "<group>"; };
		9BFC82CD16392F70000C1600 /* iCarousel.h */ = {isa = PBXFileReference; fileEncoding = 4; lastKnownFileType = sourcecode.c.h; path = iCarousel.h; sourceTree = "<group>"; };
		9BFC82CE16392F70000C1600 /* iCarousel.m */ = {isa = PBXFileReference; fileEncoding = 4; lastKnownFileType = sourcecode.c.objc; path = iCarousel.m; sourceTree = "<group>"; };
		9BFC82D116392F7D000C1600 /* LBYouTubePlayerController.h */ = {isa = PBXFileReference; fileEncoding = 4; lastKnownFileType = sourcecode.c.h; path = LBYouTubePlayerController.h; sourceTree = "<group>"; };
		9BFC82D216392F7D000C1600 /* LBYouTubePlayerController.m */ = {isa = PBXFileReference; fileEncoding = 4; lastKnownFileType = sourcecode.c.objc; path = LBYouTubePlayerController.m; sourceTree = "<group>"; };
		9BFC82D316392F7D000C1600 /* LBYouTubePlayerViewController.h */ = {isa = PBXFileReference; fileEncoding = 4; lastKnownFileType = sourcecode.c.h; path = LBYouTubePlayerViewController.h; sourceTree = "<group>"; };
		9BFC82D416392F7D000C1600 /* LBYouTubePlayerViewController.m */ = {isa = PBXFileReference; fileEncoding = 4; lastKnownFileType = sourcecode.c.objc; path = LBYouTubePlayerViewController.m; sourceTree = "<group>"; };
		9BFC82D816392FC7000C1600 /* DownloadDelegate.h */ = {isa = PBXFileReference; lastKnownFileType = sourcecode.c.h; name = DownloadDelegate.h; path = MSToolTips/MSToolTips/DownloadDelegate.h; sourceTree = "<group>"; };
		9BFC82D916392FC7000C1600 /* DownloadManager.h */ = {isa = PBXFileReference; lastKnownFileType = sourcecode.c.h; name = DownloadManager.h; path = MSToolTips/MSToolTips/DownloadManager.h; sourceTree = "<group>"; };
		9BFC82DA16392FC7000C1600 /* DownloadManager.m */ = {isa = PBXFileReference; lastKnownFileType = sourcecode.c.objc; name = DownloadManager.m; path = MSToolTips/MSToolTips/DownloadManager.m; sourceTree = "<group>"; };
		9BFC82DB16392FC7000C1600 /* DownloadOperation.h */ = {isa = PBXFileReference; lastKnownFileType = sourcecode.c.h; name = DownloadOperation.h; path = MSToolTips/MSToolTips/DownloadOperation.h; sourceTree = "<group>"; };
		9BFC82DC16392FC7000C1600 /* DownloadOperation.m */ = {isa = PBXFileReference; lastKnownFileType = sourcecode.c.objc; name = DownloadOperation.m; path = MSToolTips/MSToolTips/DownloadOperation.m; sourceTree = "<group>"; };
		9BFC82DF16393058000C1600 /* CHANGELOG.md */ = {isa = PBXFileReference; fileEncoding = 4; lastKnownFileType = text; path = CHANGELOG.md; sourceTree = "<group>"; };
		9BFC82E016393058000C1600 /* JSONKit.h */ = {isa = PBXFileReference; fileEncoding = 4; lastKnownFileType = sourcecode.c.h; path = JSONKit.h; sourceTree = "<group>"; };
		9BFC82E116393058000C1600 /* JSONKit.m */ = {isa = PBXFileReference; fileEncoding = 4; lastKnownFileType = sourcecode.c.objc; path = JSONKit.m; sourceTree = "<group>"; };
		9BFC82E216393058000C1600 /* README.md */ = {isa = PBXFileReference; fileEncoding = 4; lastKnownFileType = text; path = README.md; sourceTree = "<group>"; };
		9BFC82EB163930CF000C1600 /* Default-568h@2x.png */ = {isa = PBXFileReference; lastKnownFileType = image.png; path = "Default-568h@2x.png"; sourceTree = "<group>"; };
		9BFC82ED163930F2000C1600 /* QuartzCore.framework */ = {isa = PBXFileReference; lastKnownFileType = wrapper.framework; name = QuartzCore.framework; path = System/Library/Frameworks/QuartzCore.framework; sourceTree = SDKROOT; };
		9BFC82EF16393108000C1600 /* MediaPlayer.framework */ = {isa = PBXFileReference; lastKnownFileType = wrapper.framework; name = MediaPlayer.framework; path = System/Library/Frameworks/MediaPlayer.framework; sourceTree = SDKROOT; };
		9BFC82F9163933F4000C1600 /* bouteille.png */ = {isa = PBXFileReference; lastKnownFileType = image.png; path = bouteille.png; sourceTree = "<group>"; };
		E03C980B151A86590004D2FD /* Projet.app */ = {isa = PBXFileReference; explicitFileType = wrapper.application; includeInIndex = 0; path = Projet.app; sourceTree = BUILT_PRODUCTS_DIR; };
		E03C980F151A86590004D2FD /* UIKit.framework */ = {isa = PBXFileReference; lastKnownFileType = wrapper.framework; name = UIKit.framework; path = System/Library/Frameworks/UIKit.framework; sourceTree = SDKROOT; };
		E03C9811151A86590004D2FD /* Foundation.framework */ = {isa = PBXFileReference; lastKnownFileType = wrapper.framework; name = Foundation.framework; path = System/Library/Frameworks/Foundation.framework; sourceTree = SDKROOT; };
		E03C9813151A86590004D2FD /* CoreGraphics.framework */ = {isa = PBXFileReference; lastKnownFileType = wrapper.framework; name = CoreGraphics.framework; path = System/Library/Frameworks/CoreGraphics.framework; sourceTree = SDKROOT; };
		E03C9817151A86590004D2FD /* Projet-Info.plist */ = {isa = PBXFileReference; lastKnownFileType = text.plist.xml; path = "Projet-Info.plist"; sourceTree = "<group>"; };
		E03C9819151A86590004D2FD /* en */ = {isa = PBXFileReference; lastKnownFileType = text.plist.strings; name = en; path = en.lproj/InfoPlist.strings; sourceTree = "<group>"; };
		E03C981B151A86590004D2FD /* main.m */ = {isa = PBXFileReference; lastKnownFileType = sourcecode.c.objc; path = main.m; sourceTree = "<group>"; };
		E03C981D151A86590004D2FD /* Projet-Prefix.pch */ = {isa = PBXFileReference; lastKnownFileType = sourcecode.c.h; path = "Projet-Prefix.pch"; sourceTree = "<group>"; };
		E03C981E151A86590004D2FD /* AppDelegate.h */ = {isa = PBXFileReference; lastKnownFileType = sourcecode.c.h; path = AppDelegate.h; sourceTree = "<group>"; };
		E03C981F151A86590004D2FD /* AppDelegate.m */ = {isa = PBXFileReference; lastKnownFileType = sourcecode.c.objc; path = AppDelegate.m; sourceTree = "<group>"; };
		E03C9826151A866F0004D2FD /* FirstViewController.h */ = {isa = PBXFileReference; fileEncoding = 4; lastKnownFileType = sourcecode.c.h; path = FirstViewController.h; sourceTree = "<group>"; };
		E03C9827151A866F0004D2FD /* FirstViewController.m */ = {isa = PBXFileReference; fileEncoding = 4; lastKnownFileType = sourcecode.c.objc; path = FirstViewController.m; sourceTree = "<group>"; };
		E03C9828151A866F0004D2FD /* FirstViewController.xib */ = {isa = PBXFileReference; fileEncoding = 4; lastKnownFileType = file.xib; path = FirstViewController.xib; sourceTree = "<group>"; };
		E03C982B151A867A0004D2FD /* SecondViewController.h */ = {isa = PBXFileReference; fileEncoding = 4; lastKnownFileType = sourcecode.c.h; path = SecondViewController.h; sourceTree = "<group>"; };
		E03C982C151A867A0004D2FD /* SecondViewController.m */ = {isa = PBXFileReference; fileEncoding = 4; lastKnownFileType = sourcecode.c.objc; path = SecondViewController.m; sourceTree = "<group>"; };
		E03C982D151A867A0004D2FD /* SecondViewController.xib */ = {isa = PBXFileReference; fileEncoding = 4; lastKnownFileType = file.xib; path = SecondViewController.xib; sourceTree = "<group>"; };
		E03C9830151A86830004D2FD /* ThirdViewController.h */ = {isa = PBXFileReference; fileEncoding = 4; lastKnownFileType = sourcecode.c.h; path = ThirdViewController.h; sourceTree = "<group>"; };
		E03C9831151A86830004D2FD /* ThirdViewController.m */ = {isa = PBXFileReference; fileEncoding = 4; lastKnownFileType = sourcecode.c.objc; path = ThirdViewController.m; sourceTree = "<group>"; };
		E03C9832151A86830004D2FD /* ThirdViewController.xib */ = {isa = PBXFileReference; fileEncoding = 4; lastKnownFileType = file.xib; path = ThirdViewController.xib; sourceTree = "<group>"; };
		E03C9835151A89C90004D2FD /* FourthViewController.h */ = {isa = PBXFileReference; fileEncoding = 4; lastKnownFileType = sourcecode.c.h; path = FourthViewController.h; sourceTree = "<group>"; };
		E03C9836151A89C90004D2FD /* FourthViewController.m */ = {isa = PBXFileReference; fileEncoding = 4; lastKnownFileType = sourcecode.c.objc; path = FourthViewController.m; sourceTree = "<group>"; };
		E03C9837151A89C90004D2FD /* FourthViewController.xib */ = {isa = PBXFileReference; fileEncoding = 4; lastKnownFileType = file.xib; path = FourthViewController.xib; sourceTree = "<group>"; };
		E03C983A151A89D30004D2FD /* FifthViewController.h */ = {isa = PBXFileReference; fileEncoding = 4; lastKnownFileType = sourcecode.c.h; path = FifthViewController.h; sourceTree = "<group>"; };
		E03C983B151A89D40004D2FD /* FifthViewController.m */ = {isa = PBXFileReference; fileEncoding = 4; lastKnownFileType = sourcecode.c.objc; path = FifthViewController.m; sourceTree = "<group>"; };
		E03C983C151A89D40004D2FD /* FifthViewController.xib */ = {isa = PBXFileReference; fileEncoding = 4; lastKnownFileType = file.xib; path = FifthViewController.xib; sourceTree = "<group>"; };
		E03C983F151A89E50004D2FD /* SixthViewController.h */ = {isa = PBXFileReference; fileEncoding = 4; lastKnownFileType = sourcecode.c.h; path = SixthViewController.h; sourceTree = "<group>"; };
		E03C9840151A89E50004D2FD /* SixthViewController.m */ = {isa = PBXFileReference; fileEncoding = 4; lastKnownFileType = sourcecode.c.objc; path = SixthViewController.m; sourceTree = "<group>"; };
		E03C9841151A89E50004D2FD /* SixthViewController.xib */ = {isa = PBXFileReference; fileEncoding = 4; lastKnownFileType = file.xib; path = SixthViewController.xib; sourceTree = "<group>"; };
		E03C9844151A8AED0004D2FD /* 17-bar-chart.png */ = {isa = PBXFileReference; lastKnownFileType = image.png; path = "17-bar-chart.png"; sourceTree = "<group>"; };
		E03C9845151A8AED0004D2FD /* 17-bar-chart@2x.png */ = {isa = PBXFileReference; lastKnownFileType = image.png; path = "17-bar-chart@2x.png"; sourceTree = "<group>"; };
/* End PBXFileReference section */

/* Begin PBXFrameworksBuildPhase section */
		E03C9808151A86590004D2FD /* Frameworks */ = {
			isa = PBXFrameworksBuildPhase;
			buildActionMask = 2147483647;
			files = (
				82E075581698D0C7006B0523 /* MapKit.framework in Frameworks */,
				82E3D7E01698B5D8005B6FA1 /* ImageIO.framework in Frameworks */,
				9BFC82F016393108000C1600 /* MediaPlayer.framework in Frameworks */,
				9BFC82EE163930F2000C1600 /* QuartzCore.framework in Frameworks */,
				E03C9810151A86590004D2FD /* UIKit.framework in Frameworks */,
				E03C9812151A86590004D2FD /* Foundation.framework in Frameworks */,
				E03C9814151A86590004D2FD /* CoreGraphics.framework in Frameworks */,
			);
			runOnlyForDeploymentPostprocessing = 0;
		};
/* End PBXFrameworksBuildPhase section */

/* Begin PBXGroup section */
		82063B981698CC1800C09A40 /* SDWebImage */ = {
			isa = PBXGroup;
			children = (
				82063B991698CC1800C09A40 /* MKAnnotationView+WebCache.h */,
				82063B9A1698CC1800C09A40 /* MKAnnotationView+WebCache.m */,
				82063B9B1698CC1800C09A40 /* SDImageCache.h */,
				82063B9C1698CC1800C09A40 /* SDImageCache.m */,
				82063B9D1698CC1800C09A40 /* SDImageCacheDelegate.h */,
				82063B9E1698CC1800C09A40 /* SDWebImageCompat.h */,
				82063B9F1698CC1800C09A40 /* SDWebImageDecoder.h */,
				82063BA01698CC1800C09A40 /* SDWebImageDecoder.m */,
				82063BA11698CC1800C09A40 /* SDWebImageDownloader.h */,
				82063BA21698CC1800C09A40 /* SDWebImageDownloader.m */,
				82063BA31698CC1800C09A40 /* SDWebImageDownloaderDelegate.h */,
				82063BA41698CC1800C09A40 /* SDWebImageManager.h */,
				82063BA51698CC1800C09A40 /* SDWebImageManager.m */,
				82063BA61698CC1800C09A40 /* SDWebImageManagerDelegate.h */,
				82063BA71698CC1800C09A40 /* SDWebImagePrefetcher.h */,
				82063BA81698CC1800C09A40 /* SDWebImagePrefetcher.m */,
				82063BA91698CC1800C09A40 /* UIButton+WebCache.h */,
				82063BAA1698CC1800C09A40 /* UIButton+WebCache.m */,
				82063BAB1698CC1800C09A40 /* UIImageView+WebCache.h */,
				82063BAC1698CC1800C09A40 /* UIImageView+WebCache.m */,
			);
			name = SDWebImage;
			path = SDWebImage/SDWebImage;
			sourceTree = "<group>";
		};
		9BFC82CA16392F44000C1600 /* MSToolTips */ = {
			isa = PBXGroup;
			children = (
				9BFC82D716392F98000C1600 /* Download */,
				9BFC82D016392F7D000C1600 /* LBYouTubePlayerController */,
				9BFC82CC16392F70000C1600 /* iCarousel */,
			);
			name = MSToolTips;
			sourceTree = "<group>";
		};
		9BFC82CC16392F70000C1600 /* iCarousel */ = {
			isa = PBXGroup;
			children = (
				9BFC82CD16392F70000C1600 /* iCarousel.h */,
				9BFC82CE16392F70000C1600 /* iCarousel.m */,
			);
			name = iCarousel;
			path = MSToolTips/vendor/iCarousel/iCarousel;
			sourceTree = "<group>";
		};
		9BFC82D016392F7D000C1600 /* LBYouTubePlayerController */ = {
			isa = PBXGroup;
			children = (
				9BFC82DD16393058000C1600 /* Submodules */,
				9BFC82D116392F7D000C1600 /* LBYouTubePlayerController.h */,
				9BFC82D216392F7D000C1600 /* LBYouTubePlayerController.m */,
				9BFC82D316392F7D000C1600 /* LBYouTubePlayerViewController.h */,
				9BFC82D416392F7D000C1600 /* LBYouTubePlayerViewController.m */,
			);
			name = LBYouTubePlayerController;
			path = MSToolTips/vendor/LBYoutubeView/LBYouTubePlayerController;
			sourceTree = "<group>";
		};
		9BFC82D716392F98000C1600 /* Download */ = {
			isa = PBXGroup;
			children = (
				9BFC82D816392FC7000C1600 /* DownloadDelegate.h */,
				9BFC82D916392FC7000C1600 /* DownloadManager.h */,
				9BFC82DA16392FC7000C1600 /* DownloadManager.m */,
				9BFC82DB16392FC7000C1600 /* DownloadOperation.h */,
				9BFC82DC16392FC7000C1600 /* DownloadOperation.m */,
			);
			name = Download;
			sourceTree = "<group>";
		};
		9BFC82DD16393058000C1600 /* Submodules */ = {
			isa = PBXGroup;
			children = (
				9BFC82DE16393058000C1600 /* JSONKit */,
			);
			name = Submodules;
			path = MSToolTips/vendor/LBYoutubeView/Submodules;
			sourceTree = SOURCE_ROOT;
		};
		9BFC82DE16393058000C1600 /* JSONKit */ = {
			isa = PBXGroup;
			children = (
				9BFC82DF16393058000C1600 /* CHANGELOG.md */,
				9BFC82E016393058000C1600 /* JSONKit.h */,
				9BFC82E116393058000C1600 /* JSONKit.m */,
				9BFC82E216393058000C1600 /* README.md */,
			);
			path = JSONKit;
			sourceTree = "<group>";
		};
		9BFC82F516393310000C1600 /* WineView */ = {
			isa = PBXGroup;
			children = (
				82EF10C1169359B100E913B8 /* julienas-2011-remi-paola-benon.jpg */,
				82CDF14716934E8500EA87AB /* Wine.h */,
				82EF10C716935C1100E913B8 /* carignanissime-de-centeilles-2009.jpg */,
				82E112E01690C47100E7AD69 /* Contact.h */,
				82CDF14816934E8500EA87AB /* Wine.m */,
				82E112F51690CDA900E7AD69 /* Contact.m */,
				82CDF14A16934EA500EA87AB /* vin.json */,
				822FC9E41690D918007FE93C /* SampleLoad.json */,
				9B49991D16393726000A24DA /* mabout.png */,
				9B49991B163936EF000A24DA /* bouteille@2x.png */,
				9B499915163936B7000A24DA /* WineViewController.m */,
				9B4999141639369F000A24DA /* WineViewController.h */,
				9BFC82F9163933F4000C1600 /* bouteille.png */,
			);
			name = WineView;
			path = ..;
			sourceTree = "<group>";
		};
		E03C9800151A86590004D2FD = {
			isa = PBXGroup;
			children = (
				82E075571698D0C7006B0523 /* MapKit.framework */,
				82063B981698CC1800C09A40 /* SDWebImage */,
				9BFC82EB163930CF000C1600 /* Default-568h@2x.png */,
				9BFC82CA16392F44000C1600 /* MSToolTips */,
				E03C9815151A86590004D2FD /* TabBar */,
				E03C9848151A8AF30004D2FD /* Images */,
				E03C980E151A86590004D2FD /* Frameworks */,
				E03C980C151A86590004D2FD /* Products */,
			);
			sourceTree = "<group>";
		};
		E03C980C151A86590004D2FD /* Products */ = {
			isa = PBXGroup;
			children = (
				E03C980B151A86590004D2FD /* Projet.app */,
			);
			name = Products;
			sourceTree = "<group>";
		};
		E03C980E151A86590004D2FD /* Frameworks */ = {
			isa = PBXGroup;
			children = (
				82E3D7DF1698B5D8005B6FA1 /* ImageIO.framework */,
				9BFC82ED163930F2000C1600 /* QuartzCore.framework */,
				9BFC82EF16393108000C1600 /* MediaPlayer.framework */,
				E03C980F151A86590004D2FD /* UIKit.framework */,
				E03C9811151A86590004D2FD /* Foundation.framework */,
				E03C9813151A86590004D2FD /* CoreGraphics.framework */,
			);
			name = Frameworks;
			sourceTree = "<group>";
		};
		E03C9815151A86590004D2FD /* TabBar */ = {
			isa = PBXGroup;
			children = (
				9BFC82F516393310000C1600 /* WineView */,
				E03C981E151A86590004D2FD /* AppDelegate.h */,
				E03C981F151A86590004D2FD /* AppDelegate.m */,
				E03C9816151A86590004D2FD /* Supporting Files */,
				E03C9826151A866F0004D2FD /* FirstViewController.h */,
				E03C9827151A866F0004D2FD /* FirstViewController.m */,
				E03C9828151A866F0004D2FD /* FirstViewController.xib */,
				E03C982B151A867A0004D2FD /* SecondViewController.h */,
				E03C982C151A867A0004D2FD /* SecondViewController.m */,
				E03C982D151A867A0004D2FD /* SecondViewController.xib */,
				E03C9830151A86830004D2FD /* ThirdViewController.h */,
				E03C9831151A86830004D2FD /* ThirdViewController.m */,
				E03C9832151A86830004D2FD /* ThirdViewController.xib */,
				E03C9835151A89C90004D2FD /* FourthViewController.h */,
				E03C9836151A89C90004D2FD /* FourthViewController.m */,
				E03C9837151A89C90004D2FD /* FourthViewController.xib */,
				E03C983A151A89D30004D2FD /* FifthViewController.h */,
				E03C983B151A89D40004D2FD /* FifthViewController.m */,
				E03C983C151A89D40004D2FD /* FifthViewController.xib */,
				E03C983F151A89E50004D2FD /* SixthViewController.h */,
				E03C9840151A89E50004D2FD /* SixthViewController.m */,
				E03C9841151A89E50004D2FD /* SixthViewController.xib */,
				9B2D6B9616244AF20038A459 /* CustomCell.h */,
				9B2D6B9716244AF20038A459 /* CustomCell.m */,
				9B2D6B9816244AF20038A459 /* DataListViewController.h */,
				9B2D6B9916244AF20038A459 /* DataListViewController.m */,
				9B04F5271624659500B0EA4D /* ProfileViewController.h */,
				829417B91691D2C3002F326D /* DetailWineViewController.h */,
				829417BA1691D2C3002F326D /* DetailWineViewController.m */,
				829417BB1691D2C3002F326D /* DetailWineViewController.xib */,
				9B04F5281624659500B0EA4D /* ProfileViewController.m */,
				9B04F5291624659500B0EA4D /* ProfileViewController.xib */,
				9B2D6BA216244E250038A459 /* DetailListViewController.xib */,
				9B2D6BA516244E730038A459 /* DetailListViewController.m */,
				9B2D6BA416244E4D0038A459 /* DetailListViewController.h */,
			);
			path = TabBar;
			sourceTree = "<group>";
		};
		E03C9816151A86590004D2FD /* Supporting Files */ = {
			isa = PBXGroup;
			children = (
				E03C9817151A86590004D2FD /* Projet-Info.plist */,
				E03C9818151A86590004D2FD /* InfoPlist.strings */,
				E03C981B151A86590004D2FD /* main.m */,
				E03C981D151A86590004D2FD /* Projet-Prefix.pch */,
			);
			name = "Supporting Files";
			sourceTree = "<group>";
		};
		E03C9848151A8AF30004D2FD /* Images */ = {
			isa = PBXGroup;
			children = (
				E03C9844151A8AED0004D2FD /* 17-bar-chart.png */,
				E03C9845151A8AED0004D2FD /* 17-bar-chart@2x.png */,
			);
			name = Images;
			sourceTree = "<group>";
		};
/* End PBXGroup section */

/* Begin PBXNativeTarget section */
		E03C980A151A86590004D2FD /* Projet */ = {
			isa = PBXNativeTarget;
			buildConfigurationList = E03C9823151A86590004D2FD /* Build configuration list for PBXNativeTarget "Projet" */;
			buildPhases = (
				E03C9807151A86590004D2FD /* Sources */,
				E03C9808151A86590004D2FD /* Frameworks */,
				E03C9809151A86590004D2FD /* Resources */,
			);
			buildRules = (
			);
			dependencies = (
			);
			name = Projet;
			productName = TabBar;
			productReference = E03C980B151A86590004D2FD /* Projet.app */;
			productType = "com.apple.product-type.application";
		};
/* End PBXNativeTarget section */

/* Begin PBXProject section */
		E03C9802151A86590004D2FD /* Project object */ = {
			isa = PBXProject;
			attributes = {
				LastUpgradeCheck = 0430;
			};
			buildConfigurationList = E03C9805151A86590004D2FD /* Build configuration list for PBXProject "Projet" */;
			compatibilityVersion = "Xcode 3.2";
			developmentRegion = English;
			hasScannedForEncodings = 0;
			knownRegions = (
				en,
			);
			mainGroup = E03C9800151A86590004D2FD;
			productRefGroup = E03C980C151A86590004D2FD /* Products */;
			projectDirPath = "";
			projectRoot = "";
			targets = (
				E03C980A151A86590004D2FD /* Projet */,
			);
		};
/* End PBXProject section */

/* Begin PBXResourcesBuildPhase section */
		E03C9809151A86590004D2FD /* Resources */ = {
			isa = PBXResourcesBuildPhase;
			buildActionMask = 2147483647;
			files = (
				E03C981A151A86590004D2FD /* InfoPlist.strings in Resources */,
				E03C982A151A866F0004D2FD /* FirstViewController.xib in Resources */,
				E03C982F151A867A0004D2FD /* SecondViewController.xib in Resources */,
				E03C9834151A86830004D2FD /* ThirdViewController.xib in Resources */,
				E03C9839151A89C90004D2FD /* FourthViewController.xib in Resources */,
				E03C983E151A89D40004D2FD /* FifthViewController.xib in Resources */,
				E03C9843151A89E50004D2FD /* SixthViewController.xib in Resources */,
				E03C9846151A8AED0004D2FD /* 17-bar-chart.png in Resources */,
				E03C9847151A8AED0004D2FD /* 17-bar-chart@2x.png in Resources */,
				9B2D6BA316244E250038A459 /* DetailListViewController.xib in Resources */,
				9B04F52B1624659500B0EA4D /* ProfileViewController.xib in Resources */,
				9BFC82E316393058000C1600 /* CHANGELOG.md in Resources */,
				9BFC82E516393058000C1600 /* README.md in Resources */,
				9BFC82EC163930CF000C1600 /* Default-568h@2x.png in Resources */,
				9BFC82FA163933F4000C1600 /* bouteille.png in Resources */,
				9B49991C163936EF000A24DA /* bouteille@2x.png in Resources */,
				9B49991E16393726000A24DA /* mabout.png in Resources */,
				822FC9E51690D918007FE93C /* SampleLoad.json in Resources */,
				829417BD1691D2C3002F326D /* DetailWineViewController.xib in Resources */,
				82CDF14B16934EA500EA87AB /* vin.json in Resources */,
				82EF10C3169359B100E913B8 /* julienas-2011-remi-paola-benon.jpg in Resources */,
				82EF10C816935C1100E913B8 /* carignanissime-de-centeilles-2009.jpg in Resources */,
			);
			runOnlyForDeploymentPostprocessing = 0;
		};
/* End PBXResourcesBuildPhase section */

/* Begin PBXSourcesBuildPhase section */
		E03C9807151A86590004D2FD /* Sources */ = {
			isa = PBXSourcesBuildPhase;
			buildActionMask = 2147483647;
			files = (
				82CDF14C1693502100EA87AB /* Wine.m in Sources */,
				82E112EC1690CC4C00E7AD69 /* DownloadOperation.m in Sources */,
				82E112EA1690CC1200E7AD69 /* DownloadManager.m in Sources */,
				E03C981C151A86590004D2FD /* main.m in Sources */,
				E03C9820151A86590004D2FD /* AppDelegate.m in Sources */,
				E03C9829151A866F0004D2FD /* FirstViewController.m in Sources */,
				E03C982E151A867A0004D2FD /* SecondViewController.m in Sources */,
				E03C9833151A86830004D2FD /* ThirdViewController.m in Sources */,
				E03C9838151A89C90004D2FD /* FourthViewController.m in Sources */,
				E03C983D151A89D40004D2FD /* FifthViewController.m in Sources */,
				E03C9842151A89E50004D2FD /* SixthViewController.m in Sources */,
				9B2D6BA716244FA00038A459 /* DataListViewController.m in Sources */,
				9B2D6BA616244E730038A459 /* DetailListViewController.m in Sources */,
				9B2D6BA816244FAD0038A459 /* CustomCell.m in Sources */,
				9B04F52A1624659500B0EA4D /* ProfileViewController.m in Sources */,
				9BFC82CF16392F70000C1600 /* iCarousel.m in Sources */,
				9BFC82D516392F7D000C1600 /* LBYouTubePlayerController.m in Sources */,
				9BFC82D616392F7D000C1600 /* LBYouTubePlayerViewController.m in Sources */,
				9BFC82E416393058000C1600 /* JSONKit.m in Sources */,
				9B499916163936B7000A24DA /* WineViewController.m in Sources */,
				82E112F61690CDA900E7AD69 /* Contact.m in Sources */,
				829417BC1691D2C3002F326D /* DetailWineViewController.m in Sources */,
				82063BAD1698CC1800C09A40 /* MKAnnotationView+WebCache.m in Sources */,
				82063BAE1698CC1800C09A40 /* SDImageCache.m in Sources */,
				82063BAF1698CC1800C09A40 /* SDWebImageDecoder.m in Sources */,
				82063BB01698CC1800C09A40 /* SDWebImageDownloader.m in Sources */,
				82063BB11698CC1800C09A40 /* SDWebImageManager.m in Sources */,
				82063BB21698CC1800C09A40 /* SDWebImagePrefetcher.m in Sources */,
				82063BB31698CC1800C09A40 /* UIButton+WebCache.m in Sources */,
				82063BB41698CC1800C09A40 /* UIImageView+WebCache.m in Sources */,
			);
			runOnlyForDeploymentPostprocessing = 0;
		};
/* End PBXSourcesBuildPhase section */

/* Begin PBXVariantGroup section */
		E03C9818151A86590004D2FD /* InfoPlist.strings */ = {
			isa = PBXVariantGroup;
			children = (
				E03C9819151A86590004D2FD /* en */,
			);
			name = InfoPlist.strings;
			sourceTree = "<group>";
		};
/* End PBXVariantGroup section */

/* Begin XCBuildConfiguration section */
		E03C9821151A86590004D2FD /* Debug */ = {
			isa = XCBuildConfiguration;
			buildSettings = {
				ALWAYS_SEARCH_USER_PATHS = NO;
				ARCHS = "$(ARCHS_STANDARD_32_BIT)";
				CLANG_ENABLE_OBJC_ARC = YES;
				"CODE_SIGN_IDENTITY[sdk=iphoneos*]" = "iPhone Developer";
				COPY_PHASE_STRIP = NO;
				GCC_C_LANGUAGE_STANDARD = gnu99;
				GCC_DYNAMIC_NO_PIC = NO;
				GCC_OPTIMIZATION_LEVEL = 0;
				GCC_PREPROCESSOR_DEFINITIONS = (
					"DEBUG=1",
					"$(inherited)",
				);
				GCC_SYMBOLS_PRIVATE_EXTERN = NO;
				GCC_VERSION = com.apple.compilers.llvm.clang.1_0;
				GCC_WARN_ABOUT_RETURN_TYPE = YES;
				GCC_WARN_UNINITIALIZED_AUTOS = YES;
				GCC_WARN_UNUSED_VARIABLE = YES;
				IPHONEOS_DEPLOYMENT_TARGET = 5.1;
				SDKROOT = iphoneos;
			};
			name = Debug;
		};
		E03C9822151A86590004D2FD /* Release */ = {
			isa = XCBuildConfiguration;
			buildSettings = {
				ALWAYS_SEARCH_USER_PATHS = NO;
				ARCHS = "$(ARCHS_STANDARD_32_BIT)";
				CLANG_ENABLE_OBJC_ARC = YES;
				"CODE_SIGN_IDENTITY[sdk=iphoneos*]" = "iPhone Developer";
				COPY_PHASE_STRIP = YES;
				GCC_C_LANGUAGE_STANDARD = gnu99;
				GCC_VERSION = com.apple.compilers.llvm.clang.1_0;
				GCC_WARN_ABOUT_RETURN_TYPE = YES;
				GCC_WARN_UNINITIALIZED_AUTOS = YES;
				GCC_WARN_UNUSED_VARIABLE = YES;
				IPHONEOS_DEPLOYMENT_TARGET = 5.1;
				OTHER_CFLAGS = "-DNS_BLOCK_ASSERTIONS=1";
				SDKROOT = iphoneos;
				VALIDATE_PRODUCT = YES;
			};
			name = Release;
		};
		E03C9824151A86590004D2FD /* Debug */ = {
			isa = XCBuildConfiguration;
			buildSettings = {
				GCC_PRECOMPILE_PREFIX_HEADER = YES;
				GCC_PREFIX_HEADER = "TabBar/Projet-Prefix.pch";
				INFOPLIST_FILE = "TabBar/Projet-Info.plist";
				OTHER_LDFLAGS = "-ObjC";
				OTHER_TEST_FLAGS = "-ObjC";
				PRODUCT_NAME = Projet;
				WRAPPER_EXTENSION = app;
			};
			name = Debug;
		};
		E03C9825151A86590004D2FD /* Release */ = {
			isa = XCBuildConfiguration;
			buildSettings = {
				GCC_PRECOMPILE_PREFIX_HEADER = YES;
				GCC_PREFIX_HEADER = "TabBar/Projet-Prefix.pch";
				INFOPLIST_FILE = "TabBar/Projet-Info.plist";
				OTHER_LDFLAGS = "-ObjC";
				OTHER_TEST_FLAGS = "-ObjC";
				PRODUCT_NAME = Projet;
				WRAPPER_EXTENSION = app;
			};
			name = Release;
		};
/* End XCBuildConfiguration section */

/* Begin XCConfigurationList section */
		E03C9805151A86590004D2FD /* Build configuration list for PBXProject "Projet" */ = {
			isa = XCConfigurationList;
			buildConfigurations = (
				E03C9821151A86590004D2FD /* Debug */,
				E03C9822151A86590004D2FD /* Release */,
			);
			defaultConfigurationIsVisible = 0;
			defaultConfigurationName = Release;
		};
		E03C9823151A86590004D2FD /* Build configuration list for PBXNativeTarget "Projet" */ = {
			isa = XCConfigurationList;
			buildConfigurations = (
				E03C9824151A86590004D2FD /* Debug */,
				E03C9825151A86590004D2FD /* Release */,
			);
			defaultConfigurationIsVisible = 0;
			defaultConfigurationName = Release;
		};
/* End XCConfigurationList section */
	};
	rootObject = E03C9802151A86590004D2FD /* Project object */;
}
